// !$*UTF8*$!
{
	archiveVersion = 1;
	classes = {
	};
	objectVersion = 77;
	objects = {

/* Begin PBXBuildFile section */
		8D3238A62E061DB200ED86CC /* CoreLocation.framework in Frameworks */ = {isa = PBXBuildFile; fileRef = 8D3238A52E061DA700ED86CC /* CoreLocation.framework */; };
		8D3238A72E061DBA00ED86CC /* CoreLocationUI.framework in Frameworks */ = {isa = PBXBuildFile; fileRef = 8D3238A32E061DA700ED86CC /* CoreLocationUI.framework */; };
		8D3238A82E061DC100ED86CC /* libswiftCoreLocation.tbd in Frameworks */ = {isa = PBXBuildFile; fileRef = 8D3238A42E061DA700ED86CC /* libswiftCoreLocation.tbd */; };
		8DA885FE2E05DA05003D179D /* MockReaderUI in Frameworks */ = {isa = PBXBuildFile; productRef = 8DA885FD2E05DA05003D179D /* MockReaderUI */; };
		8DA886002E05DA05003D179D /* SquareMobilePaymentsSDK in Frameworks */ = {isa = PBXBuildFile; productRef = 8DA885FF2E05DA05003D179D /* SquareMobilePaymentsSDK */; };
/* End PBXBuildFile section */

/* Begin PBXFileReference section */
		8D3238A32E061DA700ED86CC /* CoreLocationUI.framework */ = {isa = PBXFileReference; lastKnownFileType = wrapper.framework; name = CoreLocationUI.framework; path = Platforms/iPhoneOS.platform/Developer/SDKs/iPhoneOS18.4.sdk/System/Library/Frameworks/CoreLocationUI.framework; sourceTree = DEVELOPER_DIR; };
		8D3238A42E061DA700ED86CC /* libswiftCoreLocation.tbd */ = {isa = PBXFileReference; lastKnownFileType = "sourcecode.text-based-dylib-definition"; name = libswiftCoreLocation.tbd; path = Platforms/iPhoneOS.platform/Developer/SDKs/iPhoneOS18.4.sdk/usr/lib/swift/libswiftCoreLocation.tbd; sourceTree = DEVELOPER_DIR; };
		8D3238A52E061DA700ED86CC /* CoreLocation.framework */ = {isa = PBXFileReference; lastKnownFileType = wrapper.framework; name = CoreLocation.framework; path = Platforms/iPhoneOS.platform/Developer/SDKs/iPhoneOS18.4.sdk/System/Library/Frameworks/CoreLocation.framework; sourceTree = DEVELOPER_DIR; };
		8DC1A57F2E05D77000FBAD0D /* ShulPad.app */ = {isa = PBXFileReference; explicitFileType = wrapper.application; includeInIndex = 0; path = ShulPad.app; sourceTree = BUILT_PRODUCTS_DIR; };
/* End PBXFileReference section */

/* Begin PBXFileSystemSynchronizedBuildFileExceptionSet section */
		8DA886062E05DAED003D179D /* Exceptions for "ShulPad" folder in "ShulPad" target */ = {
			isa = PBXFileSystemSynchronizedBuildFileExceptionSet;
			membershipExceptions = (
				Info.plist,
			);
			target = 8DC1A57E2E05D77000FBAD0D /* ShulPad */;
		};
/* End PBXFileSystemSynchronizedBuildFileExceptionSet section */

/* Begin PBXFileSystemSynchronizedRootGroup section */
		8DC1A5812E05D77000FBAD0D /* ShulPad */ = {
			isa = PBXFileSystemSynchronizedRootGroup;
			exceptions = (
				8DA886062E05DAED003D179D /* Exceptions for "ShulPad" folder in "ShulPad" target */,
			);
			path = ShulPad;
			sourceTree = "<group>";
		};
/* End PBXFileSystemSynchronizedRootGroup section */

/* Begin PBXFrameworksBuildPhase section */
		8DC1A57C2E05D77000FBAD0D /* Frameworks */ = {
			isa = PBXFrameworksBuildPhase;
			buildActionMask = 2147483647;
			files = (
				8D3238A82E061DC100ED86CC /* libswiftCoreLocation.tbd in Frameworks */,
				8D3238A72E061DBA00ED86CC /* CoreLocationUI.framework in Frameworks */,
				8D3238A62E061DB200ED86CC /* CoreLocation.framework in Frameworks */,
				8DA885FE2E05DA05003D179D /* MockReaderUI in Frameworks */,
				8DA886002E05DA05003D179D /* SquareMobilePaymentsSDK in Frameworks */,
			);
			runOnlyForDeploymentPostprocessing = 0;
		};
/* End PBXFrameworksBuildPhase section */

/* Begin PBXGroup section */
		8D3238A22E061DA700ED86CC /* Frameworks */ = {
			isa = PBXGroup;
			children = (
				8D3238A52E061DA700ED86CC /* CoreLocation.framework */,
				8D3238A32E061DA700ED86CC /* CoreLocationUI.framework */,
				8D3238A42E061DA700ED86CC /* libswiftCoreLocation.tbd */,
			);
			name = Frameworks;
			sourceTree = "<group>";
		};
		8DC1A5762E05D77000FBAD0D = {
			isa = PBXGroup;
			children = (
				8DC1A5812E05D77000FBAD0D /* ShulPad */,
				8D3238A22E061DA700ED86CC /* Frameworks */,
				8DC1A5802E05D77000FBAD0D /* Products */,
			);
			sourceTree = "<group>";
		};
		8DC1A5802E05D77000FBAD0D /* Products */ = {
			isa = PBXGroup;
			children = (
				8DC1A57F2E05D77000FBAD0D /* ShulPad.app */,
			);
			name = Products;
			sourceTree = "<group>";
		};
/* End PBXGroup section */

/* Begin PBXNativeTarget section */
		8DC1A57E2E05D77000FBAD0D /* ShulPad */ = {
			isa = PBXNativeTarget;
			buildConfigurationList = 8DC1A58D2E05D77000FBAD0D /* Build configuration list for PBXNativeTarget "ShulPad" */;
			buildPhases = (
				8DC1A57B2E05D77000FBAD0D /* Sources */,
				8DC1A57C2E05D77000FBAD0D /* Frameworks */,
				8DC1A57D2E05D77000FBAD0D /* Resources */,
				8DA886012E05DA36003D179D /* ShellScript */,
			);
			buildRules = (
			);
			dependencies = (
			);
			fileSystemSynchronizedGroups = (
				8DC1A5812E05D77000FBAD0D /* ShulPad */,
			);
			name = ShulPad;
			packageProductDependencies = (
				8DA885FD2E05DA05003D179D /* MockReaderUI */,
				8DA885FF2E05DA05003D179D /* SquareMobilePaymentsSDK */,
			);
			productName = ShulPad;
			productReference = 8DC1A57F2E05D77000FBAD0D /* ShulPad.app */;
			productType = "com.apple.product-type.application";
		};
/* End PBXNativeTarget section */

/* Begin PBXProject section */
		8DC1A5772E05D77000FBAD0D /* Project object */ = {
			isa = PBXProject;
			attributes = {
				BuildIndependentTargetsInParallel = 1;
				LastSwiftUpdateCheck = 1630;
				LastUpgradeCheck = 1630;
				TargetAttributes = {
					8DC1A57E2E05D77000FBAD0D = {
						CreatedOnToolsVersion = 16.3;
					};
				};
			};
			buildConfigurationList = 8DC1A57A2E05D77000FBAD0D /* Build configuration list for PBXProject "ShulPad" */;
			developmentRegion = en;
			hasScannedForEncodings = 0;
			knownRegions = (
				en,
				Base,
			);
			mainGroup = 8DC1A5762E05D77000FBAD0D;
			minimizedProjectReferenceProxies = 1;
			packageReferences = (
				8DA885FC2E05DA05003D179D /* XCRemoteSwiftPackageReference "mobile-payments-sdk-ios" */,
			);
			preferredProjectObjectVersion = 77;
			productRefGroup = 8DC1A5802E05D77000FBAD0D /* Products */;
			projectDirPath = "";
			projectRoot = "";
			targets = (
				8DC1A57E2E05D77000FBAD0D /* ShulPad */,
			);
		};
/* End PBXProject section */

/* Begin PBXResourcesBuildPhase section */
		8DC1A57D2E05D77000FBAD0D /* Resources */ = {
			isa = PBXResourcesBuildPhase;
			buildActionMask = 2147483647;
			files = (
			);
			runOnlyForDeploymentPostprocessing = 0;
		};
/* End PBXResourcesBuildPhase section */

/* Begin PBXShellScriptBuildPhase section */
		8DA886012E05DA36003D179D /* ShellScript */ = {
			isa = PBXShellScriptBuildPhase;
			buildActionMask = 2147483647;
			files = (
			);
			inputFileListPaths = (
			);
			inputPaths = (
			);
			outputFileListPaths = (
			);
			outputPaths = (
			);
			runOnlyForDeploymentPostprocessing = 0;
			shellPath = /bin/sh;
			shellScript = "SETUP_SCRIPT=${BUILT_PRODUCTS_DIR}/${FRAMEWORKS_FOLDER_PATH}\"/SquareMobilePaymentsSDK.framework/setup\"\nif [ -f \"$SETUP_SCRIPT\" ]; then\n  \"$SETUP_SCRIPT\"\nfi\n";
		};
/* End PBXShellScriptBuildPhase section */

/* Begin PBXSourcesBuildPhase section */
		8DC1A57B2E05D77000FBAD0D /* Sources */ = {
			isa = PBXSourcesBuildPhase;
			buildActionMask = 2147483647;
			files = (
			);
			runOnlyForDeploymentPostprocessing = 0;
		};
/* End PBXSourcesBuildPhase section */

/* Begin XCBuildConfiguration section */
		8DC1A58B2E05D77000FBAD0D /* Debug */ = {
			isa = XCBuildConfiguration;
			buildSettings = {
				ALWAYS_SEARCH_USER_PATHS = NO;
				ASSETCATALOG_COMPILER_GENERATE_SWIFT_ASSET_SYMBOL_EXTENSIONS = YES;
				CLANG_ANALYZER_NONNULL = YES;
				CLANG_ANALYZER_NUMBER_OBJECT_CONVERSION = YES_AGGRESSIVE;
				CLANG_CXX_LANGUAGE_STANDARD = "gnu++20";
				CLANG_ENABLE_MODULES = YES;
				CLANG_ENABLE_OBJC_ARC = YES;
				CLANG_ENABLE_OBJC_WEAK = YES;
				CLANG_WARN_BLOCK_CAPTURE_AUTORELEASING = YES;
				CLANG_WARN_BOOL_CONVERSION = YES;
				CLANG_WARN_COMMA = YES;
				CLANG_WARN_CONSTANT_CONVERSION = YES;
				CLANG_WARN_DEPRECATED_OBJC_IMPLEMENTATIONS = YES;
				CLANG_WARN_DIRECT_OBJC_ISA_USAGE = YES_ERROR;
				CLANG_WARN_DOCUMENTATION_COMMENTS = YES;
				CLANG_WARN_EMPTY_BODY = YES;
				CLANG_WARN_ENUM_CONVERSION = YES;
				CLANG_WARN_INFINITE_RECURSION = YES;
				CLANG_WARN_INT_CONVERSION = YES;
				CLANG_WARN_NON_LITERAL_NULL_CONVERSION = YES;
				CLANG_WARN_OBJC_IMPLICIT_RETAIN_SELF = YES;
				CLANG_WARN_OBJC_LITERAL_CONVERSION = YES;
				CLANG_WARN_OBJC_ROOT_CLASS = YES_ERROR;
				CLANG_WARN_QUOTED_INCLUDE_IN_FRAMEWORK_HEADER = YES;
				CLANG_WARN_RANGE_LOOP_ANALYSIS = YES;
				CLANG_WARN_STRICT_PROTOTYPES = YES;
				CLANG_WARN_SUSPICIOUS_MOVE = YES;
				CLANG_WARN_UNGUARDED_AVAILABILITY = YES_AGGRESSIVE;
				CLANG_WARN_UNREACHABLE_CODE = YES;
				CLANG_WARN__DUPLICATE_METHOD_MATCH = YES;
				COPY_PHASE_STRIP = NO;
				DEBUG_INFORMATION_FORMAT = dwarf;
				DEVELOPMENT_TEAM = CM2B5TXHWB;
				ENABLE_STRICT_OBJC_MSGSEND = YES;
				ENABLE_TESTABILITY = YES;
				ENABLE_USER_SCRIPT_SANDBOXING = YES;
				GCC_C_LANGUAGE_STANDARD = gnu17;
				GCC_DYNAMIC_NO_PIC = NO;
				GCC_NO_COMMON_BLOCKS = YES;
				GCC_OPTIMIZATION_LEVEL = 0;
				GCC_PREPROCESSOR_DEFINITIONS = (
					"DEBUG=1",
					"$(inherited)",
				);
				GCC_WARN_64_TO_32_BIT_CONVERSION = YES;
				GCC_WARN_ABOUT_RETURN_TYPE = YES_ERROR;
				GCC_WARN_UNDECLARED_SELECTOR = YES;
				GCC_WARN_UNINITIALIZED_AUTOS = YES_AGGRESSIVE;
				GCC_WARN_UNUSED_FUNCTION = YES;
				GCC_WARN_UNUSED_VARIABLE = YES;
				LOCALIZATION_PREFERS_STRING_CATALOGS = YES;
				MTL_ENABLE_DEBUG_INFO = INCLUDE_SOURCE;
				MTL_FAST_MATH = YES;
				ONLY_ACTIVE_ARCH = YES;
				SWIFT_ACTIVE_COMPILATION_CONDITIONS = "DEBUG $(inherited)";
				SWIFT_OPTIMIZATION_LEVEL = "-Onone";
			};
			name = Debug;
		};
		8DC1A58C2E05D77000FBAD0D /* Release */ = {
			isa = XCBuildConfiguration;
			buildSettings = {
				ALWAYS_SEARCH_USER_PATHS = NO;
				ASSETCATALOG_COMPILER_GENERATE_SWIFT_ASSET_SYMBOL_EXTENSIONS = YES;
				CLANG_ANALYZER_NONNULL = YES;
				CLANG_ANALYZER_NUMBER_OBJECT_CONVERSION = YES_AGGRESSIVE;
				CLANG_CXX_LANGUAGE_STANDARD = "gnu++20";
				CLANG_ENABLE_MODULES = YES;
				CLANG_ENABLE_OBJC_ARC = YES;
				CLANG_ENABLE_OBJC_WEAK = YES;
				CLANG_WARN_BLOCK_CAPTURE_AUTORELEASING = YES;
				CLANG_WARN_BOOL_CONVERSION = YES;
				CLANG_WARN_COMMA = YES;
				CLANG_WARN_CONSTANT_CONVERSION = YES;
				CLANG_WARN_DEPRECATED_OBJC_IMPLEMENTATIONS = YES;
				CLANG_WARN_DIRECT_OBJC_ISA_USAGE = YES_ERROR;
				CLANG_WARN_DOCUMENTATION_COMMENTS = YES;
				CLANG_WARN_EMPTY_BODY = YES;
				CLANG_WARN_ENUM_CONVERSION = YES;
				CLANG_WARN_INFINITE_RECURSION = YES;
				CLANG_WARN_INT_CONVERSION = YES;
				CLANG_WARN_NON_LITERAL_NULL_CONVERSION = YES;
				CLANG_WARN_OBJC_IMPLICIT_RETAIN_SELF = YES;
				CLANG_WARN_OBJC_LITERAL_CONVERSION = YES;
				CLANG_WARN_OBJC_ROOT_CLASS = YES_ERROR;
				CLANG_WARN_QUOTED_INCLUDE_IN_FRAMEWORK_HEADER = YES;
				CLANG_WARN_RANGE_LOOP_ANALYSIS = YES;
				CLANG_WARN_STRICT_PROTOTYPES = YES;
				CLANG_WARN_SUSPICIOUS_MOVE = YES;
				CLANG_WARN_UNGUARDED_AVAILABILITY = YES_AGGRESSIVE;
				CLANG_WARN_UNREACHABLE_CODE = YES;
				CLANG_WARN__DUPLICATE_METHOD_MATCH = YES;
				COPY_PHASE_STRIP = NO;
				DEBUG_INFORMATION_FORMAT = "dwarf-with-dsym";
				DEVELOPMENT_TEAM = CM2B5TXHWB;
				ENABLE_NS_ASSERTIONS = NO;
				ENABLE_STRICT_OBJC_MSGSEND = YES;
				ENABLE_USER_SCRIPT_SANDBOXING = YES;
				GCC_C_LANGUAGE_STANDARD = gnu17;
				GCC_NO_COMMON_BLOCKS = YES;
				GCC_WARN_64_TO_32_BIT_CONVERSION = YES;
				GCC_WARN_ABOUT_RETURN_TYPE = YES_ERROR;
				GCC_WARN_UNDECLARED_SELECTOR = YES;
				GCC_WARN_UNINITIALIZED_AUTOS = YES_AGGRESSIVE;
				GCC_WARN_UNUSED_FUNCTION = YES;
				GCC_WARN_UNUSED_VARIABLE = YES;
				LOCALIZATION_PREFERS_STRING_CATALOGS = YES;
				MTL_ENABLE_DEBUG_INFO = NO;
				MTL_FAST_MATH = YES;
				SWIFT_COMPILATION_MODE = wholemodule;
			};
			name = Release;
		};
		8DC1A58E2E05D77000FBAD0D /* Debug */ = {
			isa = XCBuildConfiguration;
			buildSettings = {
				ASSETCATALOG_COMPILER_APPICON_NAME = AppIcon;
				ASSETCATALOG_COMPILER_GLOBAL_ACCENT_COLOR_NAME = AccentColor;
				CODE_SIGN_ENTITLEMENTS = ShulPad/ShulPad.entitlements;
				CODE_SIGN_STYLE = Automatic;
				CURRENT_PROJECT_VERSION = 60;
				DEVELOPMENT_TEAM = CM2B5TXHWB;
				ENABLE_HARDENED_RUNTIME = YES;
				ENABLE_PREVIEWS = YES;
				ENABLE_USER_SCRIPT_SANDBOXING = NO;
				GENERATE_INFOPLIST_FILE = YES;
				INFOPLIST_FILE = ShulPad/Info.plist;
				INFOPLIST_KEY_CFBundleDisplayName = ShulPad;
				INFOPLIST_KEY_ITSAppUsesNonExemptEncryption = NO;
				INFOPLIST_KEY_NFCReaderUsageDescription = "ShulPad uses NFC to accept contactless payments with Square readers.";
				INFOPLIST_KEY_NSBluetoothAlwaysUsageDescription = "ShulPad uses Bluetooth to connect to Square payment card readers.";
				INFOPLIST_KEY_NSBluetoothPeripheralUsageDescription = "ShulPad uses Bluetooth to connect to Square payment card readers.";
				INFOPLIST_KEY_NSCameraUsageDescription = "ShulPad may use the camera to scan QR codes during Square reader setup.";
				INFOPLIST_KEY_NSLocationWhenInUseUsageDescription = "ShulPad needs your location to discover and connect to nearby Square payment readers.";
				INFOPLIST_KEY_NSMicrophoneUsageDescription = "ShulPad uses the microphone to connect to some Square card readers through the headphone jack.";
				"INFOPLIST_KEY_UIApplicationSceneManifest_Generation[sdk=iphoneos*]" = YES;
				"INFOPLIST_KEY_UIApplicationSceneManifest_Generation[sdk=iphonesimulator*]" = YES;
				"INFOPLIST_KEY_UIApplicationSupportsIndirectInputEvents[sdk=iphoneos*]" = YES;
				"INFOPLIST_KEY_UIApplicationSupportsIndirectInputEvents[sdk=iphonesimulator*]" = YES;
				"INFOPLIST_KEY_UILaunchScreen_Generation[sdk=iphoneos*]" = YES;
				"INFOPLIST_KEY_UILaunchScreen_Generation[sdk=iphonesimulator*]" = YES;
				INFOPLIST_KEY_UILaunchStoryboardName = "Launch Screen";
				INFOPLIST_KEY_UIRequiredDeviceCapabilities = armv7;
				INFOPLIST_KEY_UIRequiresFullScreen = YES;
				"INFOPLIST_KEY_UIStatusBarStyle[sdk=iphoneos*]" = UIStatusBarStyleDefault;
				"INFOPLIST_KEY_UIStatusBarStyle[sdk=iphonesimulator*]" = UIStatusBarStyleDefault;
				INFOPLIST_KEY_UISupportedInterfaceOrientations = "UIInterfaceOrientationLandscapeLeft UIInterfaceOrientationLandscapeRight";
				IPHONEOS_DEPLOYMENT_TARGET = 18.0;
				LD_RUNPATH_SEARCH_PATHS = "@executable_path/Frameworks";
				"LD_RUNPATH_SEARCH_PATHS[sdk=macosx*]" = "@executable_path/../Frameworks";
				MACOSX_DEPLOYMENT_TARGET = 14.0;
				MARKETING_VERSION = 2.1.1;
				PRODUCT_BUNDLE_IDENTIFIER = org.rebbe.CharityPad123;
				PRODUCT_NAME = "$(TARGET_NAME)";
				REGISTER_APP_GROUPS = YES;
				SDKROOT = auto;
				SUPPORTED_PLATFORMS = "iphoneos iphonesimulator";
				SUPPORTS_MACCATALYST = NO;
				SWIFT_EMIT_LOC_STRINGS = YES;
				SWIFT_VERSION = 5.0;
				TARGETED_DEVICE_FAMILY = 2;
				XROS_DEPLOYMENT_TARGET = 2.4;
			};
			name = Debug;
		};
		8DC1A58F2E05D77000FBAD0D /* Release */ = {
			isa = XCBuildConfiguration;
			buildSettings = {
				ASSETCATALOG_COMPILER_APPICON_NAME = AppIcon;
				ASSETCATALOG_COMPILER_GLOBAL_ACCENT_COLOR_NAME = AccentColor;
				CODE_SIGN_ENTITLEMENTS = ShulPad/ShulPad.entitlements;
				CODE_SIGN_STYLE = Automatic;
				CURRENT_PROJECT_VERSION = 60;
				DEVELOPMENT_TEAM = CM2B5TXHWB;
				ENABLE_HARDENED_RUNTIME = YES;
				ENABLE_PREVIEWS = YES;
				ENABLE_USER_SCRIPT_SANDBOXING = NO;
				GENERATE_INFOPLIST_FILE = YES;
				INFOPLIST_FILE = ShulPad/Info.plist;
				INFOPLIST_KEY_CFBundleDisplayName = ShulPad;
				INFOPLIST_KEY_ITSAppUsesNonExemptEncryption = NO;
				INFOPLIST_KEY_NFCReaderUsageDescription = "ShulPad uses NFC to accept contactless payments with Square readers.";
				INFOPLIST_KEY_NSBluetoothAlwaysUsageDescription = "ShulPad uses Bluetooth to connect to Square payment card readers.";
				INFOPLIST_KEY_NSBluetoothPeripheralUsageDescription = "ShulPad uses Bluetooth to connect to Square payment card readers.";
				INFOPLIST_KEY_NSCameraUsageDescription = "ShulPad may use the camera to scan QR codes during Square reader setup.";
				INFOPLIST_KEY_NSLocationWhenInUseUsageDescription = "ShulPad needs your location to discover and connect to nearby Square payment readers.";
				INFOPLIST_KEY_NSMicrophoneUsageDescription = "ShulPad uses the microphone to connect to some Square card readers through the headphone jack.";
				"INFOPLIST_KEY_UIApplicationSceneManifest_Generation[sdk=iphoneos*]" = YES;
				"INFOPLIST_KEY_UIApplicationSceneManifest_Generation[sdk=iphonesimulator*]" = YES;
				"INFOPLIST_KEY_UIApplicationSupportsIndirectInputEvents[sdk=iphoneos*]" = YES;
				"INFOPLIST_KEY_UIApplicationSupportsIndirectInputEvents[sdk=iphonesimulator*]" = YES;
				"INFOPLIST_KEY_UILaunchScreen_Generation[sdk=iphoneos*]" = YES;
				"INFOPLIST_KEY_UILaunchScreen_Generation[sdk=iphonesimulator*]" = YES;
				INFOPLIST_KEY_UILaunchStoryboardName = "Launch Screen";
				INFOPLIST_KEY_UIRequiredDeviceCapabilities = armv7;
				INFOPLIST_KEY_UIRequiresFullScreen = YES;
				"INFOPLIST_KEY_UIStatusBarStyle[sdk=iphoneos*]" = UIStatusBarStyleDefault;
				"INFOPLIST_KEY_UIStatusBarStyle[sdk=iphonesimulator*]" = UIStatusBarStyleDefault;
				INFOPLIST_KEY_UISupportedInterfaceOrientations = "UIInterfaceOrientationLandscapeLeft UIInterfaceOrientationLandscapeRight";
				IPHONEOS_DEPLOYMENT_TARGET = 18.0;
				LD_RUNPATH_SEARCH_PATHS = "@executable_path/Frameworks";
				"LD_RUNPATH_SEARCH_PATHS[sdk=macosx*]" = "@executable_path/../Frameworks";
				MACOSX_DEPLOYMENT_TARGET = 14.0;
				MARKETING_VERSION = 2.1.1;
				PRODUCT_BUNDLE_IDENTIFIER = org.rebbe.CharityPad123;
				PRODUCT_NAME = "$(TARGET_NAME)";
				REGISTER_APP_GROUPS = YES;
				SDKROOT = auto;
				SUPPORTED_PLATFORMS = "iphoneos iphonesimulator";
				SUPPORTS_MACCATALYST = NO;
				SWIFT_EMIT_LOC_STRINGS = YES;
				SWIFT_VERSION = 5.0;
				TARGETED_DEVICE_FAMILY = 2;
				XROS_DEPLOYMENT_TARGET = 2.4;
			};
			name = Release;
		};
/* End XCBuildConfiguration section */

/* Begin XCConfigurationList section */
		8DC1A57A2E05D77000FBAD0D /* Build configuration list for PBXProject "ShulPad" */ = {
			isa = XCConfigurationList;
			buildConfigurations = (
				8DC1A58B2E05D77000FBAD0D /* Debug */,
				8DC1A58C2E05D77000FBAD0D /* Release */,
			);
			defaultConfigurationIsVisible = 0;
			defaultConfigurationName = Release;
		};
		8DC1A58D2E05D77000FBAD0D /* Build configuration list for PBXNativeTarget "ShulPad" */ = {
			isa = XCConfigurationList;
			buildConfigurations = (
				8DC1A58E2E05D77000FBAD0D /* Debug */,
				8DC1A58F2E05D77000FBAD0D /* Release */,
			);
			defaultConfigurationIsVisible = 0;
			defaultConfigurationName = Release;
		};
/* End XCConfigurationList section */

/* Begin XCRemoteSwiftPackageReference section */
		8DA885FC2E05DA05003D179D /* XCRemoteSwiftPackageReference "mobile-payments-sdk-ios" */ = {
			isa = XCRemoteSwiftPackageReference;
			repositoryURL = "https://github.com/square/mobile-payments-sdk-ios";
			requirement = {
				kind = upToNextMajorVersion;
				minimumVersion = 2.2.3;
			};
		};
/* End XCRemoteSwiftPackageReference section */

/* Begin XCSwiftPackageProductDependency section */
		8DA885FD2E05DA05003D179D /* MockReaderUI */ = {
			isa = XCSwiftPackageProductDependency;
			package = 8DA885FC2E05DA05003D179D /* XCRemoteSwiftPackageReference "mobile-payments-sdk-ios" */;
			productName = MockReaderUI;
		};
		8DA885FF2E05DA05003D179D /* SquareMobilePaymentsSDK */ = {
			isa = XCSwiftPackageProductDependency;
			package = 8DA885FC2E05DA05003D179D /* XCRemoteSwiftPackageReference "mobile-payments-sdk-ios" */;
			productName = SquareMobilePaymentsSDK;
		};
/* End XCSwiftPackageProductDependency section */
	};
	rootObject = 8DC1A5772E05D77000FBAD0D /* Project object */;
}
